
Microsoft Visual Studio Solution File, Format Version 12.00
# Visual Studio Version 17
VisualStudioVersion = 17.10.35013.160
MinimumVisualStudioVersion = 10.0.40219.1
Project("{9A19103F-16F7-4668-BE54-9A1E7A4F7556}") = "MudBlazor.ThemeManager", "MudBlazor.ThemeManager.csproj", "{B897FBC2-EE48-4D6C-A5FE-AB2874B2C8D6}"
EndProject
Global
	GlobalSection(SolutionConfigurationPlatforms) = preSolution
		Debug|Any CPU = Debug|Any CPU
		Release|Any CPU = Release|Any CPU
	EndGlobalSection
	GlobalSection(ProjectConfigurationPlatforms) = postSolution
		{B897FBC2-EE48-4D6C-A5FE-AB2874B2C8D6}.Debug|Any CPU.ActiveCfg = Debug|Any CPU
		{B897FBC2-EE48-4D6C-A5FE-AB2874B2C8D6}.Debug|Any CPU.Build.0 = Debug|Any CPU
		{B897FBC2-EE48-4D6C-A5FE-AB2874B2C8D6}.Release|Any CPU.ActiveCfg = Release|Any CPU
		{B897FBC2-EE48-4D6C-A5FE-AB2874B2C8D6}.Release|Any CPU.Build.0 = Release|Any CPU
	EndGlobalSection
	GlobalSection(SolutionProperties) = preSolution
		HideSolutionNode = FALSE
	EndGlobalSection
	GlobalSection(ExtensibilityGlobals) = postSolution
		SolutionGuid = {CE93AC85-B320-4613-B767-57BC94F493DE}
	EndGlobalSection
EndGlobal
